
Microsoft Visual Studio Solution File, Format Version 12.00
# Visual Studio Version 17
VisualStudioVersion = 17.12.35506.116
MinimumVisualStudioVersion = 10.0.40219.1
Project("{2150E333-8FDC-42A3-9474-1A3956D46DE8}") = "Services", "Services", "{3EFD819B-626B-4CD3-9316-04C43611F401}"
EndProject
Project("{2150E333-8FDC-42A3-9474-1A3956D46DE8}") = "Integrations", "Integrations", "{A6A91E76-349F-4D74-BDEB-C55AC2E96C00}"
EndProject
Project("{2150E333-8FDC-42A3-9474-1A3956D46DE8}") = "Shared", "Shared", "{DCC4FF60-F091-44ED-8293-9254FC95808A}"
EndProject
Project("{2150E333-8FDC-42A3-9474-1A3956D46DE8}") = "LeadsHub", "LeadsHub", "{D6B32229-46FE-470B-A7F8-2238B26EE5FA}"
EndProject
Project("{FAE04EC0-301F-11D3-BF4B-00C04F79EFBC}") = "LeadsHub.Api", "Services\LeadsHub\LeadsHub.Api\LeadsHub.Api.csproj", "{EFECF91B-C9B3-46AB-A51F-D26D5D642CB8}"
EndProject
Project("{FAE04EC0-301F-11D3-BF4B-00C04F79EFBC}") = "LeadsHub.Core", "Services\LeadsHub\LeadsHub.Core\LeadsHub.Core.csproj", "{A9D77E43-450A-4A69-9C28-5E11F2B9A2CC}"
EndProject
Project("{FAE04EC0-301F-11D3-BF4B-00C04F79EFBC}") = "LeadsHub.Data", "Services\LeadsHub\LeadsHub.Data\LeadsHub.Data.csproj", "{10386388-CBBC-45B1-BFFF-52F717E0396A}"
EndProject
Project("{FAE04EC0-301F-11D3-BF4B-00C04F79EFBC}") = "AdaptiveKitCore", "Shared\AdaptiveKitCore\AdaptiveKitCore.csproj", "{94C11B0F-6FD6-414D-A16B-16FD6497FCF4}"
EndProject
Project("{2150E333-8FDC-42A3-9474-1A3956D46DE8}") = "WhatsApp", "WhatsApp", "{374B72C3-8973-48A1-97FB-09C6E48CBA82}"
EndProject
Project("{FAE04EC0-301F-11D3-BF4B-00C04F79EFBC}") = "WhatsApp.Core", "Integrations\WhatsApp\WhatsApp.Core\WhatsApp.Core.csproj", "{EB1F360B-C74A-40A1-9ADD-C5B5072E88AF}"
EndProject
Project("{FAE04EC0-301F-11D3-BF4B-00C04F79EFBC}") = "WhatsApp.Data", "Integrations\WhatsApp\WhatsApp.Data\WhatsApp.Data.csproj", "{583A0EA1-662B-4937-A415-10FB71BFDFE0}"
EndProject
Project("{FAE04EC0-301F-11D3-BF4B-00C04F79EFBC}") = "WhatsApp.Api", "Integrations\WhatsApp\WhatsApp.Api\WhatsApp.Api.csproj", "{C29BE6AA-4D12-4304-8AC1-7866C2B4053F}"
EndProject
Project("{FAE04EC0-301F-11D3-BF4B-00C04F79EFBC}") = "CrossCutting", "Shared\CrossCutting\CrossCutting.csproj", "{198A31B5-736D-4874-B883-79BDBE6FAB2D}"
EndProject
Project("{E53339B2-1760-4266-BCC7-CA923CBCF16C}") = "docker-compose", "docker-compose.dcproj", "{805512F1-D707-4A65-B37C-F8DF41CD509D}"
EndProject
Global
	GlobalSection(SolutionConfigurationPlatforms) = preSolution
		Debug|Any CPU = Debug|Any CPU
		Release|Any CPU = Release|Any CPU
	EndGlobalSection
	GlobalSection(ProjectConfigurationPlatforms) = postSolution
		{EFECF91B-C9B3-46AB-A51F-D26D5D642CB8}.Debug|Any CPU.ActiveCfg = Debug|Any CPU
		{EFECF91B-C9B3-46AB-A51F-D26D5D642CB8}.Debug|Any CPU.Build.0 = Debug|Any CPU
		{EFECF91B-C9B3-46AB-A51F-D26D5D642CB8}.Release|Any CPU.ActiveCfg = Release|Any CPU
		{EFECF91B-C9B3-46AB-A51F-D26D5D642CB8}.Release|Any CPU.Build.0 = Release|Any CPU
		{A9D77E43-450A-4A69-9C28-5E11F2B9A2CC}.Debug|Any CPU.ActiveCfg = Debug|Any CPU
		{A9D77E43-450A-4A69-9C28-5E11F2B9A2CC}.Debug|Any CPU.Build.0 = Debug|Any CPU
		{A9D77E43-450A-4A69-9C28-5E11F2B9A2CC}.Release|Any CPU.ActiveCfg = Release|Any CPU
		{A9D77E43-450A-4A69-9C28-5E11F2B9A2CC}.Release|Any CPU.Build.0 = Release|Any CPU
		{10386388-CBBC-45B1-BFFF-52F717E0396A}.Debug|Any CPU.ActiveCfg = Debug|Any CPU
		{10386388-CBBC-45B1-BFFF-52F717E0396A}.Debug|Any CPU.Build.0 = Debug|Any CPU
		{10386388-CBBC-45B1-BFFF-52F717E0396A}.Release|Any CPU.ActiveCfg = Release|Any CPU
		{10386388-CBBC-45B1-BFFF-52F717E0396A}.Release|Any CPU.Build.0 = Release|Any CPU
		{94C11B0F-6FD6-414D-A16B-16FD6497FCF4}.Debug|Any CPU.ActiveCfg = Debug|Any CPU
		{94C11B0F-6FD6-414D-A16B-16FD6497FCF4}.Debug|Any CPU.Build.0 = Debug|Any CPU
		{94C11B0F-6FD6-414D-A16B-16FD6497FCF4}.Release|Any CPU.ActiveCfg = Release|Any CPU
		{94C11B0F-6FD6-414D-A16B-16FD6497FCF4}.Release|Any CPU.Build.0 = Release|Any CPU
		{EB1F360B-C74A-40A1-9ADD-C5B5072E88AF}.Debug|Any CPU.ActiveCfg = Debug|Any CPU
		{EB1F360B-C74A-40A1-9ADD-C5B5072E88AF}.Debug|Any CPU.Build.0 = Debug|Any CPU
		{EB1F360B-C74A-40A1-9ADD-C5B5072E88AF}.Release|Any CPU.ActiveCfg = Release|Any CPU
		{EB1F360B-C74A-40A1-9ADD-C5B5072E88AF}.Release|Any CPU.Build.0 = Release|Any CPU
		{583A0EA1-662B-4937-A415-10FB71BFDFE0}.Debug|Any CPU.ActiveCfg = Debug|Any CPU
		{583A0EA1-662B-4937-A415-10FB71BFDFE0}.Debug|Any CPU.Build.0 = Debug|Any CPU
		{583A0EA1-662B-4937-A415-10FB71BFDFE0}.Release|Any CPU.ActiveCfg = Release|Any CPU
		{583A0EA1-662B-4937-A415-10FB71BFDFE0}.Release|Any CPU.Build.0 = Release|Any CPU
		{C29BE6AA-4D12-4304-8AC1-7866C2B4053F}.Debug|Any CPU.ActiveCfg = Debug|Any CPU
		{C29BE6AA-4D12-4304-8AC1-7866C2B4053F}.Debug|Any CPU.Build.0 = Debug|Any CPU
		{C29BE6AA-4D12-4304-8AC1-7866C2B4053F}.Release|Any CPU.ActiveCfg = Release|Any CPU
		{C29BE6AA-4D12-4304-8AC1-7866C2B4053F}.Release|Any CPU.Build.0 = Release|Any CPU
		{198A31B5-736D-4874-B883-79BDBE6FAB2D}.Debug|Any CPU.ActiveCfg = Debug|Any CPU
		{198A31B5-736D-4874-B883-79BDBE6FAB2D}.Debug|Any CPU.Build.0 = Debug|Any CPU
		{198A31B5-736D-4874-B883-79BDBE6FAB2D}.Release|Any CPU.ActiveCfg = Release|Any CPU
		{198A31B5-736D-4874-B883-79BDBE6FAB2D}.Release|Any CPU.Build.0 = Release|Any CPU
		{805512F1-D707-4A65-B37C-F8DF41CD509D}.Debug|Any CPU.ActiveCfg = Debug|Any CPU
		{805512F1-D707-4A65-B37C-F8DF41CD509D}.Debug|Any CPU.Build.0 = Debug|Any CPU
		{805512F1-D707-4A65-B37C-F8DF41CD509D}.Release|Any CPU.ActiveCfg = Release|Any CPU
		{805512F1-D707-4A65-B37C-F8DF41CD509D}.Release|Any CPU.Build.0 = Release|Any CPU
	EndGlobalSection
	GlobalSection(SolutionProperties) = preSolution
		HideSolutionNode = FALSE
	EndGlobalSection
	GlobalSection(NestedProjects) = preSolution
		{D6B32229-46FE-470B-A7F8-2238B26EE5FA} = {3EFD819B-626B-4CD3-9316-04C43611F401}
		{EFECF91B-C9B3-46AB-A51F-D26D5D642CB8} = {D6B32229-46FE-470B-A7F8-2238B26EE5FA}
		{A9D77E43-450A-4A69-9C28-5E11F2B9A2CC} = {D6B32229-46FE-470B-A7F8-2238B26EE5FA}
		{10386388-CBBC-45B1-BFFF-52F717E0396A} = {D6B32229-46FE-470B-A7F8-2238B26EE5FA}
		{94C11B0F-6FD6-414D-A16B-16FD6497FCF4} = {DCC4FF60-F091-44ED-8293-9254FC95808A}
		{374B72C3-8973-48A1-97FB-09C6E48CBA82} = {A6A91E76-349F-4D74-BDEB-C55AC2E96C00}
		{EB1F360B-C74A-40A1-9ADD-C5B5072E88AF} = {374B72C3-8973-48A1-97FB-09C6E48CBA82}
		{583A0EA1-662B-4937-A415-10FB71BFDFE0} = {374B72C3-8973-48A1-97FB-09C6E48CBA82}
		{C29BE6AA-4D12-4304-8AC1-7866C2B4053F} = {374B72C3-8973-48A1-97FB-09C6E48CBA82}
		{198A31B5-736D-4874-B883-79BDBE6FAB2D} = {DCC4FF60-F091-44ED-8293-9254FC95808A}
	EndGlobalSection
EndGlobal
