
Microsoft Visual Studio Solution File, Format Version 12.00
# Visual Studio Version 17
VisualStudioVersion = 17.12.35506.116
MinimumVisualStudioVersion = 10.0.40219.1
Project("{2150E333-8FDC-42A3-9474-1A3956D46DE8}") = "Services", "Services", "{3EFD819B-626B-4CD3-9316-04C43611F401}"
EndProject
Project("{2150E333-8FDC-42A3-9474-1A3956D46DE8}") = "Shared", "Shared", "{DCC4FF60-F091-44ED-8293-9254FC95808A}"
EndProject
Project("{2150E333-8FDC-42A3-9474-1A3956D46DE8}") = "LeadsHub", "LeadsHub", "{D6B32229-46FE-470B-A7F8-2238B26EE5FA}"
EndProject
Project("{FAE04EC0-301F-11D3-BF4B-00C04F79EFBC}") = "LeadsHub.Api", "Services\LeadsHub\LeadsHub.Api\LeadsHub.Api.csproj", "{EFECF91B-C9B3-46AB-A51F-D26D5D642CB8}"
EndProject
Project("{FAE04EC0-301F-11D3-BF4B-00C04F79EFBC}") = "LeadsHub.Core", "Services\LeadsHub\LeadsHub.Core\LeadsHub.Core.csproj", "{A9D77E43-450A-4A69-9C28-5E11F2B9A2CC}"
EndProject
Project("{FAE04EC0-301F-11D3-BF4B-00C04F79EFBC}") = "LeadsHub.Data", "Services\LeadsHub\LeadsHub.Data\LeadsHub.Data.csproj", "{10386388-CBBC-45B1-BFFF-52F717E0396A}"
EndProject
Project("{FAE04EC0-301F-11D3-BF4B-00C04F79EFBC}") = "AdaptiveKitCore", "Shared\AdaptiveKitCore\AdaptiveKitCore.csproj", "{94C11B0F-6FD6-414D-A16B-16FD6497FCF4}"
EndProject
Project("{E53339B2-1760-4266-BCC7-CA923CBCF16C}") = "docker-compose", "docker-compose.dcproj", "{805512F1-D707-4A65-B37C-F8DF41CD509D}"
EndProject
Global
	GlobalSection(SolutionConfigurationPlatforms) = preSolution
		Debug|Any CPU = Debug|Any CPU
		Release|Any CPU = Release|Any CPU
	EndGlobalSection
	GlobalSection(ProjectConfigurationPlatforms) = postSolution
		{EFECF91B-C9B3-46AB-A51F-D26D5D642CB8}.Debug|Any CPU.ActiveCfg = Debug|Any CPU
		{EFECF91B-C9B3-46AB-A51F-D26D5D642CB8}.Debug|Any CPU.Build.0 = Debug|Any CPU
		{EFECF91B-C9B3-46AB-A51F-D26D5D642CB8}.Release|Any CPU.ActiveCfg = Release|Any CPU
		{EFECF91B-C9B3-46AB-A51F-D26D5D642CB8}.Release|Any CPU.Build.0 = Release|Any CPU
		{A9D77E43-450A-4A69-9C28-5E11F2B9A2CC}.Debug|Any CPU.ActiveCfg = Debug|Any CPU
		{A9D77E43-450A-4A69-9C28-5E11F2B9A2CC}.Debug|Any CPU.Build.0 = Debug|Any CPU
		{A9D77E43-450A-4A69-9C28-5E11F2B9A2CC}.Release|Any CPU.ActiveCfg = Release|Any CPU
		{A9D77E43-450A-4A69-9C28-5E11F2B9A2CC}.Release|Any CPU.Build.0 = Release|Any CPU
		{10386388-CBBC-45B1-BFFF-52F717E0396A}.Debug|Any CPU.ActiveCfg = Debug|Any CPU
		{10386388-CBBC-45B1-BFFF-52F717E0396A}.Debug|Any CPU.Build.0 = Debug|Any CPU
		{10386388-CBBC-45B1-BFFF-52F717E0396A}.Release|Any CPU.ActiveCfg = Release|Any CPU
		{10386388-CBBC-45B1-BFFF-52F717E0396A}.Release|Any CPU.Build.0 = Release|Any CPU
		{94C11B0F-6FD6-414D-A16B-16FD6497FCF4}.Debug|Any CPU.ActiveCfg = Debug|Any CPU
		{94C11B0F-6FD6-414D-A16B-16FD6497FCF4}.Debug|Any CPU.Build.0 = Debug|Any CPU
		{94C11B0F-6FD6-414D-A16B-16FD6497FCF4}.Release|Any CPU.ActiveCfg = Release|Any CPU
		{94C11B0F-6FD6-414D-A16B-16FD6497FCF4}.Release|Any CPU.Build.0 = Release|Any CPU
		{805512F1-D707-4A65-B37C-F8DF41CD509D}.Debug|Any CPU.ActiveCfg = Debug|Any CPU
		{805512F1-D707-4A65-B37C-F8DF41CD509D}.Debug|Any CPU.Build.0 = Debug|Any CPU
		{805512F1-D707-4A65-B37C-F8DF41CD509D}.Release|Any CPU.ActiveCfg = Release|Any CPU
		{805512F1-D707-4A65-B37C-F8DF41CD509D}.Release|Any CPU.Build.0 = Release|Any CPU
	EndGlobalSection
	GlobalSection(SolutionProperties) = preSolution
		HideSolutionNode = FALSE
	EndGlobalSection
	GlobalSection(NestedProjects) = preSolution
		{D6B32229-46FE-470B-A7F8-2238B26EE5FA} = {3EFD819B-626B-4CD3-9316-04C43611F401}
		{EFECF91B-C9B3-46AB-A51F-D26D5D642CB8} = {D6B32229-46FE-470B-A7F8-2238B26EE5FA}
		{A9D77E43-450A-4A69-9C28-5E11F2B9A2CC} = {D6B32229-46FE-470B-A7F8-2238B26EE5FA}
		{10386388-CBBC-45B1-BFFF-52F717E0396A} = {D6B32229-46FE-470B-A7F8-2238B26EE5FA}
		{94C11B0F-6FD6-414D-A16B-16FD6497FCF4} = {DCC4FF60-F091-44ED-8293-9254FC95808A}
	EndGlobalSection
	GlobalSection(ExtensibilityGlobals) = postSolution
		SolutionGuid = {210B991F-F705-4174-A634-635B234B2A5B}
	EndGlobalSection
EndGlobal
